PODS:
  - FBSnapshotTestCase/Core (2.1.4)
  - JGMethodSwizzler (2.0.1)
  - OCMock (3.4.1)
  - PINCache (3.0.1-beta.7):
    - PINCache/Arc-exception-safe (= 3.0.1-beta.7)
    - PINCache/Core (= 3.0.1-beta.7)
  - PINCache/Arc-exception-safe (3.0.1-beta.7):
    - PINCache/Core
  - PINCache/Core (3.0.1-beta.7):
    - PINOperation (~> 1.1.1)
  - PINOperation (1.1.1)
  - PINRemoteImage (3.0.0-beta.14):
    - PINRemoteImage/PINCache (= 3.0.0-beta.14)
  - PINRemoteImage/Core (3.0.0-beta.14):
    - PINOperation
  - PINRemoteImage/PINCache (3.0.0-beta.14):
    - PINCache (= 3.0.1-beta.7)
    - PINRemoteImage/Core

DEPENDENCIES:
  - FBSnapshotTestCase/Core (from `https://github.com/facebookarchive/ios-snapshot-test-case.git`, branch `master`)
  - JGMethodSwizzler (from `https://github.com/farktronix/JGMethodSwizzler.git`, branch `master`)
  - OCMock (= 3.4.1)
  - PINRemoteImage (= 3.0.0-beta.14)

SPEC REPOS:
  https://github.com/cocoapods/specs.git:
    - OCMock
    - PINCache
    - PINOperation
    - PINRemoteImage

EXTERNAL SOURCES:
  FBSnapshotTestCase:
    :branch: master
    :git: https://github.com/facebookarchive/ios-snapshot-test-case.git
  JGMethodSwizzler:
    :branch: master
    :git: https://github.com/farktronix/JGMethodSwizzler.git

CHECKOUT OPTIONS:
  FBSnapshotTestCase:
    :commit: 3efc829601128f7d9306e8e58db04d32594b62ce
    :git: https://github.com/facebookarchive/ios-snapshot-test-case.git
  JGMethodSwizzler:
    :commit: 100a6e5bf4487982df4d926360a5c49f749e9544
    :git: https://github.com/farktronix/JGMethodSwizzler.git

SPEC CHECKSUMS:
  FBSnapshotTestCase: a8e5a33928796ea13ebb3e9ea58e0187270d3eff
  JGMethodSwizzler: 7328146117fffa8a4038c42eb7cd3d4c75006f97
  OCMock: 2cd0716969bab32a2283ff3a46fd26a8c8b4c5e3
  PINCache: 7cb9ae068c8f655717f7c644ef1dff9fd573e979
  PINOperation: a6219e6fc9db9c269eb7a7b871ac193bcf400aac
  PINRemoteImage: 81bbff853acc71c6de9e106e9e489a791b8bbb08

PODFILE CHECKSUM: 7417d4fc8378c672ac93a55ad7d0f8d0fb07dc4b

COCOAPODS: 1.6.0
